Microsoft Visual Studio Solution File, Format Version 12.00
# Visual Studio Version 17
VisualStudioVersion = 17.5.2.0
MinimumVisualStudioVersion = 10.0.40219.1
Project("{FAE04EC0-301F-11D3-BF4B-00C04F79EFBC}") = "Abysswalker", "Abysswalker.csproj", "{B9F71BDD-8FBD-2433-ADC6-915D4463B770}"
EndProject
Global
	GlobalSection(SolutionConfigurationPlatforms) = preSolution
		Debug|Any CPU = Debug|Any CPU
		Release|Any CPU = Release|Any CPU
	EndGlobalSection
	GlobalSection(ProjectConfigurationPlatforms) = postSolution
		{B9F71BDD-8FBD-2433-ADC6-915D4463B770}.Debug|Any CPU.ActiveCfg = Debug|Any CPU
		{B9F71BDD-8FBD-2433-ADC6-915D4463B770}.Debug|Any CPU.Build.0 = Debug|Any CPU
		{B9F71BDD-8FBD-2433-ADC6-915D4463B770}.Release|Any CPU.ActiveCfg = Release|Any CPU
		{B9F71BDD-8FBD-2433-ADC6-915D4463B770}.Release|Any CPU.Build.0 = Release|Any CPU
	EndGlobalSection
	GlobalSection(SolutionProperties) = preSolution
		HideSolutionNode = FALSE
	EndGlobalSection
	GlobalSection(ExtensibilityGlobals) = postSolution
		SolutionGuid = {92E245CD-143C-4250-AF76-C6152E2EC123}
	EndGlobalSection
EndGlobal
